// !$*UTF8*$!
{
	archiveVersion = 1;
	classes = {
	};
	objectVersion = 56;
	objects = {

/* Begin PBXBuildFile section */
		4641E0022A1E6E2000209679 /* AppDelegate.swift in Sources */ = {isa = PBXBuildFile; fileRef = 4641E0012A1E6E2000209679 /* AppDelegate.swift */; };
		4641E0042A1E6E2000209679 /* SceneDelegate.swift in Sources */ = {isa = PBXBuildFile; fileRef = 4641E0032A1E6E2000209679 /* SceneDelegate.swift */; };
		4641E0092A1E6E2000209679 /* Main.storyboard in Resources */ = {isa = PBXBuildFile; fileRef = 4641E0072A1E6E2000209679 /* Main.storyboard */; };
		4641E00B2A1E6E2000209679 /* Assets.xcassets in Resources */ = {isa = PBXBuildFile; fileRef = 4641E00A2A1E6E2000209679 /* Assets.xcassets */; };
		4641E00E2A1E6E2000209679 /* LaunchScreen.storyboard in Resources */ = {isa = PBXBuildFile; fileRef = 4641E00C2A1E6E2000209679 /* LaunchScreen.storyboard */; };
		46622E9C2A1E706100DF3BDE /* AppCoordinator.swift in Sources */ = {isa = PBXBuildFile; fileRef = 46622E962A1E706100DF3BDE /* AppCoordinator.swift */; };
		46622E9D2A1E706100DF3BDE /* HomeCoordinator.swift in Sources */ = {isa = PBXBuildFile; fileRef = 46622E972A1E706100DF3BDE /* HomeCoordinator.swift */; };
		46622E9E2A1E706100DF3BDE /* Storyboard.swift in Sources */ = {isa = PBXBuildFile; fileRef = 46622E992A1E706100DF3BDE /* Storyboard.swift */; };
		46622E9F2A1E706100DF3BDE /* Identifiable.swift in Sources */ = {isa = PBXBuildFile; fileRef = 46622E9A2A1E706100DF3BDE /* Identifiable.swift */; };
		46622EA02A1E706100DF3BDE /* Coordinator.swift in Sources */ = {isa = PBXBuildFile; fileRef = 46622E9B2A1E706100DF3BDE /* Coordinator.swift */; };
		46622EA22A1E706800DF3BDE /* Home.storyboard in Resources */ = {isa = PBXBuildFile; fileRef = 46622EA12A1E706800DF3BDE /* Home.storyboard */; };
		46622EA72A1E70E700DF3BDE /* HomeViewModel.swift in Sources */ = {isa = PBXBuildFile; fileRef = 46622EA52A1E70E700DF3BDE /* HomeViewModel.swift */; };
		46622EA82A1E70E700DF3BDE /* HomeViewController.swift in Sources */ = {isa = PBXBuildFile; fileRef = 46622EA62A1E70E700DF3BDE /* HomeViewController.swift */; };
		46622EAA2A1E76AA00DF3BDE /* HomeResponseModel.swift in Sources */ = {isa = PBXBuildFile; fileRef = 46622EA92A1E76AA00DF3BDE /* HomeResponseModel.swift */; };
		46622EAC2A1E795500DF3BDE /* String+Parser.swift in Sources */ = {isa = PBXBuildFile; fileRef = 46622EAB2A1E795400DF3BDE /* String+Parser.swift */; };
		46622EAE2A1E797A00DF3BDE /* result.json in Resources */ = {isa = PBXBuildFile; fileRef = 46622EAD2A1E797A00DF3BDE /* result.json */; };
		46622EB02A1E7A9900DF3BDE /* HomeTableViewCell.swift in Sources */ = {isa = PBXBuildFile; fileRef = 46622EAF2A1E7A9900DF3BDE /* HomeTableViewCell.swift */; };
/* End PBXBuildFile section */

/* Begin PBXFileReference section */
		4641DFFE2A1E6E2000209679 /* SiriIntent.app */ = {isa = PBXFileReference; explicitFileType = wrapper.application; includeInIndex = 0; path = SiriIntent.app; sourceTree = BUILT_PRODUCTS_DIR; };
		4641E0012A1E6E2000209679 /* AppDelegate.swift */ = {isa = PBXFileReference; lastKnownFileType = sourcecode.swift; path = AppDelegate.swift; sourceTree = "<group>"; };
		4641E0032A1E6E2000209679 /* SceneDelegate.swift */ = {isa = PBXFileReference; lastKnownFileType = sourcecode.swift; path = SceneDelegate.swift; sourceTree = "<group>"; };
		4641E0052A1E6E2000209679 /* ViewController.swift */ = {isa = PBXFileReference; lastKnownFileType = sourcecode.swift; path = ViewController.swift; sourceTree = "<group>"; };
		4641E0082A1E6E2000209679 /* Base */ = {isa = PBXFileReference; lastKnownFileType = file.storyboard; name = Base; path = Base.lproj/Main.storyboard; sourceTree = "<group>"; };
		4641E00A2A1E6E2000209679 /* Assets.xcassets */ = {isa = PBXFileReference; lastKnownFileType = folder.assetcatalog; path = Assets.xcassets; sourceTree = "<group>"; };
		4641E00D2A1E6E2000209679 /* Base */ = {isa = PBXFileReference; lastKnownFileType = file.storyboard; name = Base; path = Base.lproj/LaunchScreen.storyboard; sourceTree = "<group>"; };
		4641E00F2A1E6E2000209679 /* Info.plist */ = {isa = PBXFileReference; lastKnownFileType = text.plist.xml; path = Info.plist; sourceTree = "<group>"; };
		46622E962A1E706100DF3BDE /* AppCoordinator.swift */ = {isa = PBXFileReference; fileEncoding = 4; lastKnownFileType = sourcecode.swift; path = AppCoordinator.swift; sourceTree = "<group>"; };
		46622E972A1E706100DF3BDE /* HomeCoordinator.swift */ = {isa = PBXFileReference; fileEncoding = 4; lastKnownFileType = sourcecode.swift; path = HomeCoordinator.swift; sourceTree = "<group>"; };
		46622E992A1E706100DF3BDE /* Storyboard.swift */ = {isa = PBXFileReference; fileEncoding = 4; lastKnownFileType = sourcecode.swift; path = Storyboard.swift; sourceTree = "<group>"; };
		46622E9A2A1E706100DF3BDE /* Identifiable.swift */ = {isa = PBXFileReference; fileEncoding = 4; lastKnownFileType = sourcecode.swift; path = Identifiable.swift; sourceTree = "<group>"; };
		46622E9B2A1E706100DF3BDE /* Coordinator.swift */ = {isa = PBXFileReference; fileEncoding = 4; lastKnownFileType = sourcecode.swift; path = Coordinator.swift; sourceTree = "<group>"; };
		46622EA12A1E706800DF3BDE /* Home.storyboard */ = {isa = PBXFileReference; fileEncoding = 4; lastKnownFileType = file.storyboard; path = Home.storyboard; sourceTree = "<group>"; };
		46622EA52A1E70E700DF3BDE /* HomeViewModel.swift */ = {isa = PBXFileReference; fileEncoding = 4; lastKnownFileType = sourcecode.swift; path = HomeViewModel.swift; sourceTree = "<group>"; };
		46622EA62A1E70E700DF3BDE /* HomeViewController.swift */ = {isa = PBXFileReference; fileEncoding = 4; lastKnownFileType = sourcecode.swift; path = HomeViewController.swift; sourceTree = "<group>"; };
		46622EA92A1E76AA00DF3BDE /* HomeResponseModel.swift */ = {isa = PBXFileReference; lastKnownFileType = sourcecode.swift; path = HomeResponseModel.swift; sourceTree = "<group>"; };
		46622EAB2A1E795400DF3BDE /* String+Parser.swift */ = {isa = PBXFileReference; fileEncoding = 4; lastKnownFileType = sourcecode.swift; path = "String+Parser.swift"; sourceTree = "<group>"; };
		46622EAD2A1E797A00DF3BDE /* result.json */ = {isa = PBXFileReference; fileEncoding = 4; lastKnownFileType = text.json; path = result.json; sourceTree = "<group>"; };
		46622EAF2A1E7A9900DF3BDE /* HomeTableViewCell.swift */ = {isa = PBXFileReference; lastKnownFileType = sourcecode.swift; path = HomeTableViewCell.swift; sourceTree = "<group>"; };
/* End PBXFileReference section */

/* Begin PBXFrameworksBuildPhase section */
		4641DFFB2A1E6E2000209679 /* Frameworks */ = {
			isa = PBXFrameworksBuildPhase;
			buildActionMask = 2147483647;
			files = (
			);
			runOnlyForDeploymentPostprocessing = 0;
		};
/* End PBXFrameworksBuildPhase section */

/* Begin PBXGroup section */
		4641DFF52A1E6E2000209679 = {
			isa = PBXGroup;
			children = (
				4641E0002A1E6E2000209679 /* SiriIntent */,
				4641DFFF2A1E6E2000209679 /* Products */,
			);
			sourceTree = "<group>";
		};
		4641DFFF2A1E6E2000209679 /* Products */ = {
			isa = PBXGroup;
			children = (
				4641DFFE2A1E6E2000209679 /* SiriIntent.app */,
			);
			name = Products;
			sourceTree = "<group>";
		};
		4641E0002A1E6E2000209679 /* SiriIntent */ = {
			isa = PBXGroup;
			children = (
				46622EA32A1E70E700DF3BDE /* Screens */,
				46622E952A1E706100DF3BDE /* Coordinator */,
				46622E982A1E706100DF3BDE /* Helper */,
				4641E0012A1E6E2000209679 /* AppDelegate.swift */,
				4641E0032A1E6E2000209679 /* SceneDelegate.swift */,
				4641E0052A1E6E2000209679 /* ViewController.swift */,
				4641E0072A1E6E2000209679 /* Main.storyboard */,
				46622EAD2A1E797A00DF3BDE /* result.json */,
				46622EA12A1E706800DF3BDE /* Home.storyboard */,
				4641E00A2A1E6E2000209679 /* Assets.xcassets */,
				4641E00C2A1E6E2000209679 /* LaunchScreen.storyboard */,
				4641E00F2A1E6E2000209679 /* Info.plist */,
			);
			path = SiriIntent;
			sourceTree = "<group>";
		};
		46622E952A1E706100DF3BDE /* Coordinator */ = {
			isa = PBXGroup;
			children = (
				46622E962A1E706100DF3BDE /* AppCoordinator.swift */,
				46622E972A1E706100DF3BDE /* HomeCoordinator.swift */,
			);
			path = Coordinator;
			sourceTree = "<group>";
		};
		46622E982A1E706100DF3BDE /* Helper */ = {
			isa = PBXGroup;
			children = (
				46622E992A1E706100DF3BDE /* Storyboard.swift */,
				46622E9A2A1E706100DF3BDE /* Identifiable.swift */,
				46622E9B2A1E706100DF3BDE /* Coordinator.swift */,
			);
			path = Helper;
			sourceTree = "<group>";
		};
		46622EA32A1E70E700DF3BDE /* Screens */ = {
			isa = PBXGroup;
			children = (
				46622EA42A1E70E700DF3BDE /* Home */,
			);
			path = Screens;
			sourceTree = "<group>";
		};
		46622EA42A1E70E700DF3BDE /* Home */ = {
			isa = PBXGroup;
			children = (
				46622EA52A1E70E700DF3BDE /* HomeViewModel.swift */,
				46622EA62A1E70E700DF3BDE /* HomeViewController.swift */,
				46622EA92A1E76AA00DF3BDE /* HomeResponseModel.swift */,
				46622EAB2A1E795400DF3BDE /* String+Parser.swift */,
				46622EAF2A1E7A9900DF3BDE /* HomeTableViewCell.swift */,
			);
			path = Home;
			sourceTree = "<group>";
		};
/* End PBXGroup section */

/* Begin PBXNativeTarget section */
		4641DFFD2A1E6E2000209679 /* SiriIntent */ = {
			isa = PBXNativeTarget;
			buildConfigurationList = 4641E0122A1E6E2000209679 /* Build configuration list for PBXNativeTarget "SiriIntent" */;
			buildPhases = (
				4641DFFA2A1E6E2000209679 /* Sources */,
				4641DFFB2A1E6E2000209679 /* Frameworks */,
				4641DFFC2A1E6E2000209679 /* Resources */,
			);
			buildRules = (
			);
			dependencies = (
			);
			name = SiriIntent;
			productName = SiriIntent;
			productReference = 4641DFFE2A1E6E2000209679 /* SiriIntent.app */;
			productType = "com.apple.product-type.application";
		};
/* End PBXNativeTarget section */

/* Begin PBXProject section */
		4641DFF62A1E6E2000209679 /* Project object */ = {
			isa = PBXProject;
			attributes = {
				BuildIndependentTargetsInParallel = 1;
				LastSwiftUpdateCheck = 1420;
				LastUpgradeCheck = 1420;
				TargetAttributes = {
					4641DFFD2A1E6E2000209679 = {
						CreatedOnToolsVersion = 14.2;
					};
				};
			};
			buildConfigurationList = 4641DFF92A1E6E2000209679 /* Build configuration list for PBXProject "SiriIntent" */;
			compatibilityVersion = "Xcode 14.0";
			developmentRegion = en;
			hasScannedForEncodings = 0;
			knownRegions = (
				en,
				Base,
			);
			mainGroup = 4641DFF52A1E6E2000209679;
			productRefGroup = 4641DFFF2A1E6E2000209679 /* Products */;
			projectDirPath = "";
			projectRoot = "";
			targets = (
				4641DFFD2A1E6E2000209679 /* SiriIntent */,
			);
		};
/* End PBXProject section */

/* Begin PBXResourcesBuildPhase section */
		4641DFFC2A1E6E2000209679 /* Resources */ = {
			isa = PBXResourcesBuildPhase;
			buildActionMask = 2147483647;
			files = (
				46622EAE2A1E797A00DF3BDE /* result.json in Resources */,
				4641E00E2A1E6E2000209679 /* LaunchScreen.storyboard in Resources */,
				4641E00B2A1E6E2000209679 /* Assets.xcassets in Resources */,
				4641E0092A1E6E2000209679 /* Main.storyboard in Resources */,
				46622EA22A1E706800DF3BDE /* Home.storyboard in Resources */,
			);
			runOnlyForDeploymentPostprocessing = 0;
		};
/* End PBXResourcesBuildPhase section */

/* Begin PBXSourcesBuildPhase section */
		4641DFFA2A1E6E2000209679 /* Sources */ = {
			isa = PBXSourcesBuildPhase;
			buildActionMask = 2147483647;
			files = (
				46622EA02A1E706100DF3BDE /* Coordinator.swift in Sources */,
				46622EA72A1E70E700DF3BDE /* HomeViewModel.swift in Sources */,
				46622E9C2A1E706100DF3BDE /* AppCoordinator.swift in Sources */,
				46622E9D2A1E706100DF3BDE /* HomeCoordinator.swift in Sources */,
				46622EA82A1E70E700DF3BDE /* HomeViewController.swift in Sources */,
				46622EAC2A1E795500DF3BDE /* String+Parser.swift in Sources */,
				46622EB02A1E7A9900DF3BDE /* HomeTableViewCell.swift in Sources */,
				4641E0022A1E6E2000209679 /* AppDelegate.swift in Sources */,
				46622E9F2A1E706100DF3BDE /* Identifiable.swift in Sources */,
				46622E9E2A1E706100DF3BDE /* Storyboard.swift in Sources */,
				46622EAA2A1E76AA00DF3BDE /* HomeResponseModel.swift in Sources */,
				4641E0042A1E6E2000209679 /* SceneDelegate.swift in Sources */,
			);
			runOnlyForDeploymentPostprocessing = 0;
		};
/* End PBXSourcesBuildPhase section */

/* Begin PBXVariantGroup section */
		4641E0072A1E6E2000209679 /* Main.storyboard */ = {
			isa = PBXVariantGroup;
			children = (
				4641E0082A1E6E2000209679 /* Base */,
			);
			name = Main.storyboard;
			sourceTree = "<group>";
		};
		4641E00C2A1E6E2000209679 /* LaunchScreen.storyboard */ = {
			isa = PBXVariantGroup;
			children = (
				4641E00D2A1E6E2000209679 /* Base */,
			);
			name = LaunchScreen.storyboard;
			sourceTree = "<group>";
		};
/* End PBXVariantGroup section */

/* Begin XCBuildConfiguration section */
		4641E0102A1E6E2000209679 /* Debug */ = {
			isa = XCBuildConfiguration;
			buildSettings = {
				ALWAYS_SEARCH_USER_PATHS = NO;
				CLANG_ANALYZER_NONNULL = YES;
				CLANG_ANALYZER_NUMBER_OBJECT_CONVERSION = YES_AGGRESSIVE;
				CLANG_CXX_LANGUAGE_STANDARD = "gnu++20";
				CLANG_ENABLE_MODULES = YES;
				CLANG_ENABLE_OBJC_ARC = YES;
				CLANG_ENABLE_OBJC_WEAK = YES;
				CLANG_WARN_BLOCK_CAPTURE_AUTORELEASING = YES;
				CLANG_WARN_BOOL_CONVERSION = YES;
				CLANG_WARN_COMMA = YES;
				CLANG_WARN_CONSTANT_CONVERSION = YES;
				CLANG_WARN_DEPRECATED_OBJC_IMPLEMENTATIONS = YES;
				CLANG_WARN_DIRECT_OBJC_ISA_USAGE = YES_ERROR;
				CLANG_WARN_DOCUMENTATION_COMMENTS = YES;
				CLANG_WARN_EMPTY_BODY = YES;
				CLANG_WARN_ENUM_CONVERSION = YES;
				CLANG_WARN_INFINITE_RECURSION = YES;
				CLANG_WARN_INT_CONVERSION = YES;
				CLANG_WARN_NON_LITERAL_NULL_CONVERSION = YES;
				CLANG_WARN_OBJC_IMPLICIT_RETAIN_SELF = YES;
				CLANG_WARN_OBJC_LITERAL_CONVERSION = YES;
				CLANG_WARN_OBJC_ROOT_CLASS = YES_ERROR;
				CLANG_WARN_QUOTED_INCLUDE_IN_FRAMEWORK_HEADER = YES;
				CLANG_WARN_RANGE_LOOP_ANALYSIS = YES;
				CLANG_WARN_STRICT_PROTOTYPES = YES;
				CLANG_WARN_SUSPICIOUS_MOVE = YES;
				CLANG_WARN_UNGUARDED_AVAILABILITY = YES_AGGRESSIVE;
				CLANG_WARN_UNREACHABLE_CODE = YES;
				CLANG_WARN__DUPLICATE_METHOD_MATCH = YES;
				COPY_PHASE_STRIP = NO;
				DEBUG_INFORMATION_FORMAT = dwarf;
				ENABLE_STRICT_OBJC_MSGSEND = YES;
				ENABLE_TESTABILITY = YES;
				GCC_C_LANGUAGE_STANDARD = gnu11;
				GCC_DYNAMIC_NO_PIC = NO;
				GCC_NO_COMMON_BLOCKS = YES;
				GCC_OPTIMIZATION_LEVEL = 0;
				GCC_PREPROCESSOR_DEFINITIONS = (
					"DEBUG=1",
					"$(inherited)",
				);
				GCC_WARN_64_TO_32_BIT_CONVERSION = YES;
				GCC_WARN_ABOUT_RETURN_TYPE = YES_ERROR;
				GCC_WARN_UNDECLARED_SELECTOR = YES;
				GCC_WARN_UNINITIALIZED_AUTOS = YES_AGGRESSIVE;
				GCC_WARN_UNUSED_FUNCTION = YES;
				GCC_WARN_UNUSED_VARIABLE = YES;
				IPHONEOS_DEPLOYMENT_TARGET = 16.2;
				MTL_ENABLE_DEBUG_INFO = INCLUDE_SOURCE;
				MTL_FAST_MATH = YES;
				ONLY_ACTIVE_ARCH = YES;
				SDKROOT = iphoneos;
				SWIFT_ACTIVE_COMPILATION_CONDITIONS = DEBUG;
				SWIFT_OPTIMIZATION_LEVEL = "-Onone";
			};
			name = Debug;
		};
		4641E0112A1E6E2000209679 /* Release */ = {
			isa = XCBuildConfiguration;
			buildSettings = {
				ALWAYS_SEARCH_USER_PATHS = NO;
				CLANG_ANALYZER_NONNULL = YES;
				CLANG_ANALYZER_NUMBER_OBJECT_CONVERSION = YES_AGGRESSIVE;
				CLANG_CXX_LANGUAGE_STANDARD = "gnu++20";
				CLANG_ENABLE_MODULES = YES;
				CLANG_ENABLE_OBJC_ARC = YES;
				CLANG_ENABLE_OBJC_WEAK = YES;
				CLANG_WARN_BLOCK_CAPTURE_AUTORELEASING = YES;
				CLANG_WARN_BOOL_CONVERSION = YES;
				CLANG_WARN_COMMA = YES;
				CLANG_WARN_CONSTANT_CONVERSION = YES;
				CLANG_WARN_DEPRECATED_OBJC_IMPLEMENTATIONS = YES;
				CLANG_WARN_DIRECT_OBJC_ISA_USAGE = YES_ERROR;
				CLANG_WARN_DOCUMENTATION_COMMENTS = YES;
				CLANG_WARN_EMPTY_BODY = YES;
				CLANG_WARN_ENUM_CONVERSION = YES;
				CLANG_WARN_INFINITE_RECURSION = YES;
				CLANG_WARN_INT_CONVERSION = YES;
				CLANG_WARN_NON_LITERAL_NULL_CONVERSION = YES;
				CLANG_WARN_OBJC_IMPLICIT_RETAIN_SELF = YES;
				CLANG_WARN_OBJC_LITERAL_CONVERSION = YES;
				CLANG_WARN_OBJC_ROOT_CLASS = YES_ERROR;
				CLANG_WARN_QUOTED_INCLUDE_IN_FRAMEWORK_HEADER = YES;
				CLANG_WARN_RANGE_LOOP_ANALYSIS = YES;
				CLANG_WARN_STRICT_PROTOTYPES = YES;
				CLANG_WARN_SUSPICIOUS_MOVE = YES;
				CLANG_WARN_UNGUARDED_AVAILABILITY = YES_AGGRESSIVE;
				CLANG_WARN_UNREACHABLE_CODE = YES;
				CLANG_WARN__DUPLICATE_METHOD_MATCH = YES;
				COPY_PHASE_STRIP = NO;
				DEBUG_INFORMATION_FORMAT = "dwarf-with-dsym";
				ENABLE_NS_ASSERTIONS = NO;
				ENABLE_STRICT_OBJC_MSGSEND = YES;
				GCC_C_LANGUAGE_STANDARD = gnu11;
				GCC_NO_COMMON_BLOCKS = YES;
				GCC_WARN_64_TO_32_BIT_CONVERSION = YES;
				GCC_WARN_ABOUT_RETURN_TYPE = YES_ERROR;
				GCC_WARN_UNDECLARED_SELECTOR = YES;
				GCC_WARN_UNINITIALIZED_AUTOS = YES_AGGRESSIVE;
				GCC_WARN_UNUSED_FUNCTION = YES;
				GCC_WARN_UNUSED_VARIABLE = YES;
				IPHONEOS_DEPLOYMENT_TARGET = 16.2;
				MTL_ENABLE_DEBUG_INFO = NO;
				MTL_FAST_MATH = YES;
				SDKROOT = iphoneos;
				SWIFT_COMPILATION_MODE = wholemodule;
				SWIFT_OPTIMIZATION_LEVEL = "-O";
				VALIDATE_PRODUCT = YES;
			};
			name = Release;
		};
		4641E0132A1E6E2000209679 /* Debug */ = {
			isa = XCBuildConfiguration;
			buildSettings = {
				ASSETCATALOG_COMPILER_APPICON_NAME = AppIcon;
				ASSETCATALOG_COMPILER_GLOBAL_ACCENT_COLOR_NAME = AccentColor;
				CODE_SIGN_STYLE = Automatic;
				CURRENT_PROJECT_VERSION = 1;
				DEVELOPMENT_TEAM = QWFVS8TTXC;
				GENERATE_INFOPLIST_FILE = YES;
				INFOPLIST_FILE = SiriIntent/Info.plist;
				INFOPLIST_KEY_UIApplicationSupportsIndirectInputEvents = YES;
				INFOPLIST_KEY_UILaunchStoryboardName = LaunchScreen;
				INFOPLIST_KEY_UIMainStoryboardFile = Main;
				INFOPLIST_KEY_UISupportedInterfaceOrientations_iPad = "UIInterfaceOrientationPortrait UIInterfaceOrientationPortraitUpsideDown UIInterfaceOrientationLandscapeLeft UIInterfaceOrientationLandscapeRight";
				INFOPLIST_KEY_UISupportedInterfaceOrientations_iPhone = "UIInterfaceOrientationPortrait UIInterfaceOrientationLandscapeLeft UIInterfaceOrientationLandscapeRight";
				LD_RUNPATH_SEARCH_PATHS = (
					"$(inherited)",
					"@executable_path/Frameworks",
				);
				MARKETING_VERSION = 1.0;
				PRODUCT_BUNDLE_IDENTIFIER = com.anil.SiriIntents.SiriIntent;
				PRODUCT_NAME = "$(TARGET_NAME)";
				SWIFT_EMIT_LOC_STRINGS = YES;
				SWIFT_VERSION = 5.0;
				TARGETED_DEVICE_FAMILY = "1,2";
			};
			name = Debug;
		};
		4641E0142A1E6E2000209679 /* Release */ = {
			isa = XCBuildConfiguration;
			buildSettings = {
				ASSETCATALOG_COMPILER_APPICON_NAME = AppIcon;
				ASSETCATALOG_COMPILER_GLOBAL_ACCENT_COLOR_NAME = AccentColor;
				CODE_SIGN_STYLE = Automatic;
				CURRENT_PROJECT_VERSION = 1;
				DEVELOPMENT_TEAM = QWFVS8TTXC;
				GENERATE_INFOPLIST_FILE = YES;
				INFOPLIST_FILE = SiriIntent/Info.plist;
				INFOPLIST_KEY_UIApplicationSupportsIndirectInputEvents = YES;
				INFOPLIST_KEY_UILaunchStoryboardName = LaunchScreen;
				INFOPLIST_KEY_UIMainStoryboardFile = Main;
				INFOPLIST_KEY_UISupportedInterfaceOrientations_iPad = "UIInterfaceOrientationPortrait UIInterfaceOrientationPortraitUpsideDown UIInterfaceOrientationLandscapeLeft UIInterfaceOrientationLandscapeRight";
				INFOPLIST_KEY_UISupportedInterfaceOrientations_iPhone = "UIInterfaceOrientationPortrait UIInterfaceOrientationLandscapeLeft UIInterfaceOrientationLandscapeRight";
				LD_RUNPATH_SEARCH_PATHS = (
					"$(inherited)",
					"@executable_path/Frameworks",
				);
				MARKETING_VERSION = 1.0;
				PRODUCT_BUNDLE_IDENTIFIER = com.anil.SiriIntents.SiriIntent;
				PRODUCT_NAME = "$(TARGET_NAME)";
				SWIFT_EMIT_LOC_STRINGS = YES;
				SWIFT_VERSION = 5.0;
				TARGETED_DEVICE_FAMILY = "1,2";
			};
			name = Release;
		};
/* End XCBuildConfiguration section */

/* Begin XCConfigurationList section */
		4641DFF92A1E6E2000209679 /* Build configuration list for PBXProject "SiriIntent" */ = {
			isa = XCConfigurationList;
			buildConfigurations = (
				4641E0102A1E6E2000209679 /* Debug */,
				4641E0112A1E6E2000209679 /* Release */,
			);
			defaultConfigurationIsVisible = 0;
			defaultConfigurationName = Release;
		};
		4641E0122A1E6E2000209679 /* Build configuration list for PBXNativeTarget "SiriIntent" */ = {
			isa = XCConfigurationList;
			buildConfigurations = (
				4641E0132A1E6E2000209679 /* Debug */,
				4641E0142A1E6E2000209679 /* Release */,
			);
			defaultConfigurationIsVisible = 0;
			defaultConfigurationName = Release;
		};
/* End XCConfigurationList section */
	};
	rootObject = 4641DFF62A1E6E2000209679 /* Project object */;
}
